
Microsoft Visual Studio Solution File, Format Version 12.00
# Visual Studio Version 17
VisualStudioVersion = 17.13.35818.85 d17.13
MinimumVisualStudioVersion = 10.0.40219.1
Project("{FAE04EC0-301F-11D3-BF4B-00C04F79EFBC}") = "JogoDaForca.ConsoleApp", "JogoDaForca.ConsoleApp\JogoDaForca.ConsoleApp.csproj", "{99562E8E-34BE-493A-B71B-9437CE115413}"
EndProject
Global
	GlobalSection(SolutionConfigurationPlatforms) = preSolution
		Debug|Any CPU = Debug|Any CPU
		Release|Any CPU = Release|Any CPU
	EndGlobalSection
	GlobalSection(ProjectConfigurationPlatforms) = postSolution
		{99562E8E-34BE-493A-B71B-9437CE115413}.Debug|Any CPU.ActiveCfg = Debug|Any CPU
		{99562E8E-34BE-493A-B71B-9437CE115413}.Debug|Any CPU.Build.0 = Debug|Any CPU
		{99562E8E-34BE-493A-B71B-9437CE115413}.Release|Any CPU.ActiveCfg = Release|Any CPU
		{99562E8E-34BE-493A-B71B-9437CE115413}.Release|Any CPU.Build.0 = Release|Any CPU
	EndGlobalSection
	GlobalSection(SolutionProperties) = preSolution
		HideSolutionNode = FALSE
	EndGlobalSection
	GlobalSection(ExtensibilityGlobals) = postSolution
		SolutionGuid = {EB1EC899-4B87-4701-BFAA-61F49C964D3C}
	EndGlobalSection
EndGlobal
